// !$*UTF8*$!
{
	archiveVersion = 1;
	classes = {
	};
	objectVersion = 46;
	objects = {

/* Begin PBXBuildFile section */
		2991F4E5166F6B2500BD636F /* InfoPlist.strings in Resources */ = {isa = PBXBuildFile; fileRef = 2991F4E3166F6B2500BD636F /* InfoPlist.strings */; };
		2991F4E7166F6B2500BD636F /* kext_cov.c in Sources */ = {isa = PBXBuildFile; fileRef = 2991F4E6166F6B2500BD636F /* kext_cov.c */; };
		2991F4F5166FA5D400BD636F /* kext_cov_gen.c in Sources */ = {isa = PBXBuildFile; fileRef = 2991F4F4166FA5D400BD636F /* kext_cov_gen.c */; };
		2991F50116736EC900BD636F /* slist.c in Sources */ = {isa = PBXBuildFile; fileRef = 2991F4FF16736EC900BD636F /* slist.c */; };
		2991F50216736EC900BD636F /* slist.h in Headers */ = {isa = PBXBuildFile; fileRef = 2991F50016736EC900BD636F /* slist.h */; };
		2991F50416736EED00BD636F /* util.h in Headers */ = {isa = PBXBuildFile; fileRef = 2991F50316736EED00BD636F /* util.h */; };
/* End PBXBuildFile section */

/* Begin PBXCopyFilesBuildPhase section */
		2991F4F0166FA5D400BD636F /* CopyFiles */ = {
			isa = PBXCopyFilesBuildPhase;
			buildActionMask = 2147483647;
			dstPath = /usr/share/man/man1/;
			dstSubfolderSpec = 0;
			files = (
			);
			runOnlyForDeploymentPostprocessing = 1;
		};
/* End PBXCopyFilesBuildPhase section */

/* Begin PBXFileReference section */
		2991F4DB166F6B2500BD636F /* kext-cov.kext */ = {isa = PBXFileReference; explicitFileType = wrapper.cfbundle; includeInIndex = 0; path = "kext-cov.kext"; sourceTree = BUILT_PRODUCTS_DIR; };
		2991F4DF166F6B2500BD636F /* Kernel.framework */ = {isa = PBXFileReference; lastKnownFileType = wrapper.framework; name = Kernel.framework; path = System/Library/Frameworks/Kernel.framework; sourceTree = SDKROOT; };
		2991F4E2166F6B2500BD636F /* kext-cov-Info.plist */ = {isa = PBXFileReference; lastKnownFileType = text.plist.xml; path = "kext-cov-Info.plist"; sourceTree = "<group>"; };
		2991F4E4166F6B2500BD636F /* en */ = {isa = PBXFileReference; lastKnownFileType = text.plist.strings; name = en; path = en.lproj/InfoPlist.strings; sourceTree = "<group>"; };
		2991F4E6166F6B2500BD636F /* kext_cov.c */ = {isa = PBXFileReference; lastKnownFileType = sourcecode.c.c; path = kext_cov.c; sourceTree = "<group>"; };
		2991F4E8166F6B2500BD636F /* kext-cov-Prefix.pch */ = {isa = PBXFileReference; lastKnownFileType = sourcecode.c.h; path = "kext-cov-Prefix.pch"; sourceTree = "<group>"; };
		2991F4F2166FA5D400BD636F /* kext-cov-gen */ = {isa = PBXFileReference; explicitFileType = "compiled.mach-o.executable"; includeInIndex = 0; path = "kext-cov-gen"; sourceTree = BUILT_PRODUCTS_DIR; };
		2991F4F4166FA5D400BD636F /* kext_cov_gen.c */ = {isa = PBXFileReference; lastKnownFileType = sourcecode.c.c; path = kext_cov_gen.c; sourceTree = "<group>"; };
		2991F4FF16736EC900BD636F /* slist.c */ = {isa = PBXFileReference; fileEncoding = 4; lastKnownFileType = sourcecode.c.c; name = slist.c; path = lib/genccont/src/slist.c; sourceTree = SOURCE_ROOT; };
		2991F50016736EC900BD636F /* slist.h */ = {isa = PBXFileReference; fileEncoding = 4; lastKnownFileType = sourcecode.c.h; name = slist.h; path = lib/genccont/src/slist.h; sourceTree = SOURCE_ROOT; };
		2991F50316736EED00BD636F /* util.h */ = {isa = PBXFileReference; fileEncoding = 4; lastKnownFileType = sourcecode.c.h; name = util.h; path = lib/genccont/src/util.h; sourceTree = SOURCE_ROOT; };
		2991F5051673A09D00BD636F /* kext_cov.h */ = {isa = PBXFileReference; lastKnownFileType = sourcecode.c.h; path = kext_cov.h; sourceTree = "<group>"; };
		2991F5061673A50500BD636F /* kext_cov_shared.h */ = {isa = PBXFileReference; lastKnownFileType = sourcecode.c.h; path = kext_cov_shared.h; sourceTree = "<group>"; };
		2991F5071673B5FC00BD636F /* kext-cov.exports */ = {isa = PBXFileReference; fileEncoding = 4; lastKnownFileType = text; path = "kext-cov.exports"; sourceTree = "<group>"; };
/* End PBXFileReference section */

/* Begin PBXFrameworksBuildPhase section */
		2991F4D6166F6B2500BD636F /* Frameworks */ = {
			isa = PBXFrameworksBuildPhase;
			buildActionMask = 2147483647;
			files = (
			);
			runOnlyForDeploymentPostprocessing = 0;
		};
		2991F4EF166FA5D400BD636F /* Frameworks */ = {
			isa = PBXFrameworksBuildPhase;
			buildActionMask = 2147483647;
			files = (
			);
			runOnlyForDeploymentPostprocessing = 0;
		};
/* End PBXFrameworksBuildPhase section */

/* Begin PBXGroup section */
		2991F4D0166F6B2500BD636F = {
			isa = PBXGroup;
			children = (
				2991F4E0166F6B2500BD636F /* kext-cov */,
				2991F4F3166FA5D400BD636F /* kext-cov-gen */,
				2991F4DD166F6B2500BD636F /* Frameworks */,
				2991F4DC166F6B2500BD636F /* Products */,
			);
			sourceTree = "<group>";
		};
		2991F4DC166F6B2500BD636F /* Products */ = {
			isa = PBXGroup;
			children = (
				2991F4DB166F6B2500BD636F /* kext-cov.kext */,
				2991F4F2166FA5D400BD636F /* kext-cov-gen */,
			);
			name = Products;
			sourceTree = "<group>";
		};
		2991F4DD166F6B2500BD636F /* Frameworks */ = {
			isa = PBXGroup;
			children = (
				2991F4DE166F6B2500BD636F /* Other Frameworks */,
			);
			name = Frameworks;
			sourceTree = "<group>";
		};
		2991F4DE166F6B2500BD636F /* Other Frameworks */ = {
			isa = PBXGroup;
			children = (
				2991F4DF166F6B2500BD636F /* Kernel.framework */,
			);
			name = "Other Frameworks";
			sourceTree = "<group>";
		};
		2991F4E0166F6B2500BD636F /* kext-cov */ = {
			isa = PBXGroup;
			children = (
				2991F4FD16736E9400BD636F /* lib */,
				2991F5051673A09D00BD636F /* kext_cov.h */,
				2991F5061673A50500BD636F /* kext_cov_shared.h */,
				2991F4E6166F6B2500BD636F /* kext_cov.c */,
				2991F4E1166F6B2500BD636F /* Supporting Files */,
			);
			path = "kext-cov";
			sourceTree = "<group>";
		};
		2991F4E1166F6B2500BD636F /* Supporting Files */ = {
			isa = PBXGroup;
			children = (
				2991F4E2166F6B2500BD636F /* kext-cov-Info.plist */,
				2991F4E3166F6B2500BD636F /* InfoPlist.strings */,
				2991F4E8166F6B2500BD636F /* kext-cov-Prefix.pch */,
				2991F5071673B5FC00BD636F /* kext-cov.exports */,
			);
			name = "Supporting Files";
			sourceTree = "<group>";
		};
		2991F4F3166FA5D400BD636F /* kext-cov-gen */ = {
			isa = PBXGroup;
			children = (
				2991F4F4166FA5D400BD636F /* kext_cov_gen.c */,
			);
			path = "kext-cov-gen";
			sourceTree = "<group>";
		};
		2991F4FD16736E9400BD636F /* lib */ = {
			isa = PBXGroup;
			children = (
				2991F4FE16736E9900BD636F /* genccont */,
			);
			name = lib;
			sourceTree = "<group>";
		};
		2991F4FE16736E9900BD636F /* genccont */ = {
			isa = PBXGroup;
			children = (
				2991F50316736EED00BD636F /* util.h */,
				2991F50016736EC900BD636F /* slist.h */,
				2991F4FF16736EC900BD636F /* slist.c */,
			);
			name = genccont;
			sourceTree = "<group>";
		};
/* End PBXGroup section */

/* Begin PBXHeadersBuildPhase section */
		2991F4D7166F6B2500BD636F /* Headers */ = {
			isa = PBXHeadersBuildPhase;
			buildActionMask = 2147483647;
			files = (
				2991F50216736EC900BD636F /* slist.h in Headers */,
				2991F50416736EED00BD636F /* util.h in Headers */,
			);
			runOnlyForDeploymentPostprocessing = 0;
		};
/* End PBXHeadersBuildPhase section */

/* Begin PBXNativeTarget section */
		2991F4DA166F6B2500BD636F /* kext-cov */ = {
			isa = PBXNativeTarget;
			buildConfigurationList = 2991F4EB166F6B2500BD636F /* Build configuration list for PBXNativeTarget "kext-cov" */;
			buildPhases = (
				2991F4D5166F6B2500BD636F /* Sources */,
				2991F4D6166F6B2500BD636F /* Frameworks */,
				2991F4D7166F6B2500BD636F /* Headers */,
				2991F4D8166F6B2500BD636F /* Resources */,
				2991F4D9166F6B2500BD636F /* Rez */,
			);
			buildRules = (
			);
			dependencies = (
			);
			name = "kext-cov";
			productName = "kext-cov";
			productReference = 2991F4DB166F6B2500BD636F /* kext-cov.kext */;
			productType = "com.apple.product-type.kernel-extension";
		};
		2991F4F1166FA5D400BD636F /* kext-cov-gen */ = {
			isa = PBXNativeTarget;
			buildConfigurationList = 2991F4F8166FA5D400BD636F /* Build configuration list for PBXNativeTarget "kext-cov-gen" */;
			buildPhases = (
				2991F4EE166FA5D400BD636F /* Sources */,
				2991F4EF166FA5D400BD636F /* Frameworks */,
				2991F4F0166FA5D400BD636F /* CopyFiles */,
			);
			buildRules = (
			);
			dependencies = (
			);
			name = "kext-cov-gen";
			productName = "kext-cov-gen";
			productReference = 2991F4F2166FA5D400BD636F /* kext-cov-gen */;
			productType = "com.apple.product-type.tool";
		};
/* End PBXNativeTarget section */

/* Begin PBXProject section */
		2991F4D1166F6B2500BD636F /* Project object */ = {
			isa = PBXProject;
			attributes = {
				LastUpgradeCheck = 0460;
				ORGANIZATIONNAME = SSDCache;
			};
			buildConfigurationList = 2991F4D4166F6B2500BD636F /* Build configuration list for PBXProject "kext-cov" */;
			compatibilityVersion = "Xcode 3.2";
			developmentRegion = English;
			hasScannedForEncodings = 0;
			knownRegions = (
				en,
			);
			mainGroup = 2991F4D0166F6B2500BD636F;
			productRefGroup = 2991F4DC166F6B2500BD636F /* Products */;
			projectDirPath = "";
			projectRoot = "";
			targets = (
				2991F4DA166F6B2500BD636F /* kext-cov */,
				2991F4F1166FA5D400BD636F /* kext-cov-gen */,
			);
		};
/* End PBXProject section */

/* Begin PBXResourcesBuildPhase section */
		2991F4D8166F6B2500BD636F /* Resources */ = {
			isa = PBXResourcesBuildPhase;
			buildActionMask = 2147483647;
			files = (
				2991F4E5166F6B2500BD636F /* InfoPlist.strings in Resources */,
			);
			runOnlyForDeploymentPostprocessing = 0;
		};
/* End PBXResourcesBuildPhase section */

/* Begin PBXRezBuildPhase section */
		2991F4D9166F6B2500BD636F /* Rez */ = {
			isa = PBXRezBuildPhase;
			buildActionMask = 2147483647;
			files = (
			);
			runOnlyForDeploymentPostprocessing = 0;
		};
/* End PBXRezBuildPhase section */

/* Begin PBXSourcesBuildPhase section */
		2991F4D5166F6B2500BD636F /* Sources */ = {
			isa = PBXSourcesBuildPhase;
			buildActionMask = 2147483647;
			files = (
				2991F4E7166F6B2500BD636F /* kext_cov.c in Sources */,
				2991F50116736EC900BD636F /* slist.c in Sources */,
			);
			runOnlyForDeploymentPostprocessing = 0;
		};
		2991F4EE166FA5D400BD636F /* Sources */ = {
			isa = PBXSourcesBuildPhase;
			buildActionMask = 2147483647;
			files = (
				2991F4F5166FA5D400BD636F /* kext_cov_gen.c in Sources */,
			);
			runOnlyForDeploymentPostprocessing = 0;
		};
/* End PBXSourcesBuildPhase section */

/* Begin PBXVariantGroup section */
		2991F4E3166F6B2500BD636F /* InfoPlist.strings */ = {
			isa = PBXVariantGroup;
			children = (
				2991F4E4166F6B2500BD636F /* en */,
			);
			name = InfoPlist.strings;
			sourceTree = "<group>";
		};
/* End PBXVariantGroup section */

/* Begin XCBuildConfiguration section */
		2991F4E9166F6B2500BD636F /* Debug */ = {
			isa = XCBuildConfiguration;
			buildSettings = {
				ALWAYS_SEARCH_USER_PATHS = NO;
				ARCHS = "$(ARCHS_STANDARD_64_BIT)";
				CLANG_CXX_LANGUAGE_STANDARD = "gnu++0x";
				CLANG_CXX_LIBRARY = "libc++";
				CLANG_WARN_CONSTANT_CONVERSION = YES;
				CLANG_WARN_EMPTY_BODY = YES;
				CLANG_WARN_ENUM_CONVERSION = YES;
				CLANG_WARN_INT_CONVERSION = YES;
				CLANG_WARN__DUPLICATE_METHOD_MATCH = YES;
				COPY_PHASE_STRIP = NO;
				GCC_C_LANGUAGE_STANDARD = gnu99;
				GCC_DYNAMIC_NO_PIC = NO;
				GCC_ENABLE_OBJC_EXCEPTIONS = YES;
				GCC_OPTIMIZATION_LEVEL = 0;
				GCC_PREPROCESSOR_DEFINITIONS = (
					"DEBUG=1",
					"$(inherited)",
				);
				GCC_SYMBOLS_PRIVATE_EXTERN = NO;
				GCC_TREAT_INCOMPATIBLE_POINTER_TYPE_WARNINGS_AS_ERRORS = YES;
				GCC_WARN_64_TO_32_BIT_CONVERSION = YES;
				GCC_WARN_ABOUT_MISSING_NEWLINE = YES;
				GCC_WARN_ABOUT_MISSING_PROTOTYPES = YES;
				GCC_WARN_ABOUT_RETURN_TYPE = YES;
				GCC_WARN_SHADOW = YES;
				GCC_WARN_UNINITIALIZED_AUTOS = YES;
				GCC_WARN_UNUSED_FUNCTION = YES;
				GCC_WARN_UNUSED_LABEL = YES;
				GCC_WARN_UNUSED_PARAMETER = YES;
				GCC_WARN_UNUSED_VARIABLE = YES;
				MACOSX_DEPLOYMENT_TARGET = 10.8;
				ONLY_ACTIVE_ARCH = YES;
				SDKROOT = macosx;
			};
			name = Debug;
		};
		2991F4EA166F6B2500BD636F /* Release */ = {
			isa = XCBuildConfiguration;
			buildSettings = {
				ALWAYS_SEARCH_USER_PATHS = NO;
				ARCHS = "$(ARCHS_STANDARD_64_BIT)";
				CLANG_CXX_LANGUAGE_STANDARD = "gnu++0x";
				CLANG_CXX_LIBRARY = "libc++";
				CLANG_WARN_CONSTANT_CONVERSION = YES;
				CLANG_WARN_EMPTY_BODY = YES;
				CLANG_WARN_ENUM_CONVERSION = YES;
				CLANG_WARN_INT_CONVERSION = YES;
				CLANG_WARN__DUPLICATE_METHOD_MATCH = YES;
				COPY_PHASE_STRIP = YES;
				DEBUG_INFORMATION_FORMAT = "dwarf-with-dsym";
				GCC_C_LANGUAGE_STANDARD = gnu99;
				GCC_ENABLE_OBJC_EXCEPTIONS = YES;
				GCC_TREAT_INCOMPATIBLE_POINTER_TYPE_WARNINGS_AS_ERRORS = YES;
				GCC_WARN_64_TO_32_BIT_CONVERSION = YES;
				GCC_WARN_ABOUT_MISSING_NEWLINE = YES;
				GCC_WARN_ABOUT_MISSING_PROTOTYPES = YES;
				GCC_WARN_ABOUT_RETURN_TYPE = YES;
				GCC_WARN_SHADOW = YES;
				GCC_WARN_UNINITIALIZED_AUTOS = YES;
				GCC_WARN_UNUSED_FUNCTION = YES;
				GCC_WARN_UNUSED_LABEL = YES;
				GCC_WARN_UNUSED_PARAMETER = YES;
				GCC_WARN_UNUSED_VARIABLE = YES;
				MACOSX_DEPLOYMENT_TARGET = 10.8;
				SDKROOT = macosx;
			};
			name = Release;
		};
		2991F4EC166F6B2500BD636F /* Debug */ = {
			isa = XCBuildConfiguration;
			buildSettings = {
				ARCHS = "$(ARCHS_STANDARD_32_64_BIT)";
				COMBINE_HIDPI_IMAGES = YES;
				EXPORTED_SYMBOLS_FILE = "kext-cov/kext-cov.exports";
				GCC_PRECOMPILE_PREFIX_HEADER = YES;
				GCC_PREFIX_HEADER = "kext-cov/kext-cov-Prefix.pch";
				GCC_PREPROCESSOR_DEFINITIONS = (
					"DEBUG=1",
					"$(inherited)",
					"MACH_ASSERT=1",
				);
				GCC_VERSION = "";
				INFOPLIST_FILE = "kext-cov/kext-cov-Info.plist";
				INSTALL_PATH = "$(SYSTEM_LIBRARY_DIR)/Extensions";
				MACOSX_DEPLOYMENT_TARGET = 10.6;
				MODULE_NAME = com.ssdcache.kext_cov;
				MODULE_START = kext_cov_start;
				MODULE_STOP = kext_cov_stop;
				MODULE_VERSION = 1.0.0d1;
				ONLY_ACTIVE_ARCH = NO;
				OTHER_LDFLAGS = (
					"-Xlinker",
					"-x",
				);
				PRODUCT_NAME = "$(TARGET_NAME)";
				WRAPPER_EXTENSION = kext;
			};
			name = Debug;
		};
		2991F4ED166F6B2500BD636F /* Release */ = {
			isa = XCBuildConfiguration;
			buildSettings = {
				ARCHS = "$(ARCHS_STANDARD_32_64_BIT)";
				COMBINE_HIDPI_IMAGES = YES;
				EXPORTED_SYMBOLS_FILE = "kext-cov/kext-cov.exports";
				GCC_PRECOMPILE_PREFIX_HEADER = YES;
				GCC_PREFIX_HEADER = "kext-cov/kext-cov-Prefix.pch";
				GCC_VERSION = "";
				INFOPLIST_FILE = "kext-cov/kext-cov-Info.plist";
				INSTALL_PATH = "$(SYSTEM_LIBRARY_DIR)/Extensions";
				MACOSX_DEPLOYMENT_TARGET = 10.6;
				MODULE_NAME = com.ssdcache.kext_cov;
				MODULE_START = kext_cov_start;
				MODULE_STOP = kext_cov_stop;
				MODULE_VERSION = 1.0.0d1;
				OTHER_LDFLAGS = (
					"-Xlinker",
					"-x",
				);
				PRODUCT_NAME = "$(TARGET_NAME)";
				WRAPPER_EXTENSION = kext;
			};
			name = Release;
		};
		2991F4F9166FA5D400BD636F /* Debug */ = {
			isa = XCBuildConfiguration;
			buildSettings = {
				MACOSX_DEPLOYMENT_TARGET = 10.6;
				PRODUCT_NAME = "$(TARGET_NAME)";
			};
			name = Debug;
		};
		2991F4FA166FA5D400BD636F /* Release */ = {
			isa = XCBuildConfiguration;
			buildSettings = {
				MACOSX_DEPLOYMENT_TARGET = 10.6;
				PRODUCT_NAME = "$(TARGET_NAME)";
			};
			name = Release;
		};
/* End XCBuildConfiguration section */

/* Begin XCConfigurationList section */
		2991F4D4166F6B2500BD636F /* Build configuration list for PBXProject "kext-cov" */ = {
			isa = XCConfigurationList;
			buildConfigurations = (
				2991F4E9166F6B2500BD636F /* Debug */,
				2991F4EA166F6B2500BD636F /* Release */,
			);
			defaultConfigurationIsVisible = 0;
			defaultConfigurationName = Release;
		};
		2991F4EB166F6B2500BD636F /* Build configuration list for PBXNativeTarget "kext-cov" */ = {
			isa = XCConfigurationList;
			buildConfigurations = (
				2991F4EC166F6B2500BD636F /* Debug */,
				2991F4ED166F6B2500BD636F /* Release */,
			);
			defaultConfigurationIsVisible = 0;
			defaultConfigurationName = Release;
		};
		2991F4F8166FA5D400BD636F /* Build configuration list for PBXNativeTarget "kext-cov-gen" */ = {
			isa = XCConfigurationList;
			buildConfigurations = (
				2991F4F9166FA5D400BD636F /* Debug */,
				2991F4FA166FA5D400BD636F /* Release */,
			);
			defaultConfigurationIsVisible = 0;
			defaultConfigurationName = Release;
		};
/* End XCConfigurationList section */
	};
	rootObject = 2991F4D1166F6B2500BD636F /* Project object */;
}
